
Microsoft Visual Studio Solution File, Format Version 12.00
# Visual Studio 15
VisualStudioVersion = 15.0.26124.0
MinimumVisualStudioVersion = 15.0.26124.0
Project("{2150E333-8FDC-42A3-9474-1A3956D46DE8}") = "src", "src", "{E4EAC777-2BD8-458F-9B17-5B6091CBAE92}"
EndProject
Project("{FAE04EC0-301F-11D3-BF4B-00C04F79EFBC}") = "GradeBook", "src\GradeBook\GradeBook.csproj", "{5E45E071-6230-49D7-9051-B7E5D14C3DE7}"
EndProject
Project("{2150E333-8FDC-42A3-9474-1A3956D46DE8}") = "test", "test", "{3AE101C8-D5E2-44C2-9BC4-E83FEBA5678D}"
EndProject
Project("{FAE04EC0-301F-11D3-BF4B-00C04F79EFBC}") = "GradeBook.Tests", "test\GradeBook.Tests\GradeBook.Tests.csproj", "{82701239-626B-49EF-922C-F8993231B4B1}"
EndProject
Global
	GlobalSection(SolutionConfigurationPlatforms) = preSolution
		Debug|Any CPU = Debug|Any CPU
		Debug|x64 = Debug|x64
		Debug|x86 = Debug|x86
		Release|Any CPU = Release|Any CPU
		Release|x64 = Release|x64
		Release|x86 = Release|x86
	EndGlobalSection
	GlobalSection(SolutionProperties) = preSolution
		HideSolutionNode = FALSE
	EndGlobalSection
	GlobalSection(ProjectConfigurationPlatforms) = postSolution
		{5E45E071-6230-49D7-9051-B7E5D14C3DE7}.Debug|Any CPU.ActiveCfg = Debug|Any CPU
		{5E45E071-6230-49D7-9051-B7E5D14C3DE7}.Debug|Any CPU.Build.0 = Debug|Any CPU
		{5E45E071-6230-49D7-9051-B7E5D14C3DE7}.Debug|x64.ActiveCfg = Debug|Any CPU
		{5E45E071-6230-49D7-9051-B7E5D14C3DE7}.Debug|x64.Build.0 = Debug|Any CPU
		{5E45E071-6230-49D7-9051-B7E5D14C3DE7}.Debug|x86.ActiveCfg = Debug|Any CPU
		{5E45E071-6230-49D7-9051-B7E5D14C3DE7}.Debug|x86.Build.0 = Debug|Any CPU
		{5E45E071-6230-49D7-9051-B7E5D14C3DE7}.Release|Any CPU.ActiveCfg = Release|Any CPU
		{5E45E071-6230-49D7-9051-B7E5D14C3DE7}.Release|Any CPU.Build.0 = Release|Any CPU
		{5E45E071-6230-49D7-9051-B7E5D14C3DE7}.Release|x64.ActiveCfg = Release|Any CPU
		{5E45E071-6230-49D7-9051-B7E5D14C3DE7}.Release|x64.Build.0 = Release|Any CPU
		{5E45E071-6230-49D7-9051-B7E5D14C3DE7}.Release|x86.ActiveCfg = Release|Any CPU
		{5E45E071-6230-49D7-9051-B7E5D14C3DE7}.Release|x86.Build.0 = Release|Any CPU
		{82701239-626B-49EF-922C-F8993231B4B1}.Debug|Any CPU.ActiveCfg = Debug|Any CPU
		{82701239-626B-49EF-922C-F8993231B4B1}.Debug|Any CPU.Build.0 = Debug|Any CPU
		{82701239-626B-49EF-922C-F8993231B4B1}.Debug|x64.ActiveCfg = Debug|Any CPU
		{82701239-626B-49EF-922C-F8993231B4B1}.Debug|x64.Build.0 = Debug|Any CPU
		{82701239-626B-49EF-922C-F8993231B4B1}.Debug|x86.ActiveCfg = Debug|Any CPU
		{82701239-626B-49EF-922C-F8993231B4B1}.Debug|x86.Build.0 = Debug|Any CPU
		{82701239-626B-49EF-922C-F8993231B4B1}.Release|Any CPU.ActiveCfg = Release|Any CPU
		{82701239-626B-49EF-922C-F8993231B4B1}.Release|Any CPU.Build.0 = Release|Any CPU
		{82701239-626B-49EF-922C-F8993231B4B1}.Release|x64.ActiveCfg = Release|Any CPU
		{82701239-626B-49EF-922C-F8993231B4B1}.Release|x64.Build.0 = Release|Any CPU
		{82701239-626B-49EF-922C-F8993231B4B1}.Release|x86.ActiveCfg = Release|Any CPU
		{82701239-626B-49EF-922C-F8993231B4B1}.Release|x86.Build.0 = Release|Any CPU
	EndGlobalSection
	GlobalSection(NestedProjects) = preSolution
		{5E45E071-6230-49D7-9051-B7E5D14C3DE7} = {E4EAC777-2BD8-458F-9B17-5B6091CBAE92}
		{82701239-626B-49EF-922C-F8993231B4B1} = {3AE101C8-D5E2-44C2-9BC4-E83FEBA5678D}
	EndGlobalSection
EndGlobal
