
Microsoft Visual Studio Solution File, Format Version 12.00
# Visual Studio 15
VisualStudioVersion = 15.0.28307.1062
MinimumVisualStudioVersion = 10.0.40219.1
Project("{FAE04EC0-301F-11D3-BF4B-00C04F79EFBC}") = "ACM.BL", "ACM.BL\ACM.BL.csproj", "{391F44C9-9323-4A25-8CD0-DF900286E1CB}"
EndProject
Project("{2150E333-8FDC-42A3-9474-1A3956D46DE8}") = "Tests", "Tests", "{E8414B75-5FF7-4145-9D1A-BC4158BB78AB}"
EndProject
Project("{FAE04EC0-301F-11D3-BF4B-00C04F79EFBC}") = "ACM.BL.Test", "Tests\ACM.BL.Test\ACM.BL.Test.csproj", "{0989F83F-7CB1-426D-BFA8-11E1B9CC9B5E}"
EndProject
Global
	GlobalSection(SolutionConfigurationPlatforms) = preSolution
		Debug|Any CPU = Debug|Any CPU
		Release|Any CPU = Release|Any CPU
	EndGlobalSection
	GlobalSection(ProjectConfigurationPlatforms) = postSolution
		{391F44C9-9323-4A25-8CD0-DF900286E1CB}.Debug|Any CPU.ActiveCfg = Debug|Any CPU
		{391F44C9-9323-4A25-8CD0-DF900286E1CB}.Debug|Any CPU.Build.0 = Debug|Any CPU
		{391F44C9-9323-4A25-8CD0-DF900286E1CB}.Release|Any CPU.ActiveCfg = Release|Any CPU
		{391F44C9-9323-4A25-8CD0-DF900286E1CB}.Release|Any CPU.Build.0 = Release|Any CPU
		{0989F83F-7CB1-426D-BFA8-11E1B9CC9B5E}.Debug|Any CPU.ActiveCfg = Debug|Any CPU
		{0989F83F-7CB1-426D-BFA8-11E1B9CC9B5E}.Debug|Any CPU.Build.0 = Debug|Any CPU
		{0989F83F-7CB1-426D-BFA8-11E1B9CC9B5E}.Release|Any CPU.ActiveCfg = Release|Any CPU
		{0989F83F-7CB1-426D-BFA8-11E1B9CC9B5E}.Release|Any CPU.Build.0 = Release|Any CPU
	EndGlobalSection
	GlobalSection(SolutionProperties) = preSolution
		HideSolutionNode = FALSE
	EndGlobalSection
	GlobalSection(NestedProjects) = preSolution
		{0989F83F-7CB1-426D-BFA8-11E1B9CC9B5E} = {E8414B75-5FF7-4145-9D1A-BC4158BB78AB}
	EndGlobalSection
	GlobalSection(ExtensibilityGlobals) = postSolution
		SolutionGuid = {EBBAF78B-CB06-436B-A867-5C0A4115CDB9}
	EndGlobalSection
EndGlobal
